{
  "version": 4,
  "terraform_version": "1.6.6",
  "serial": 24,
  "lineage": "8ff0dcc1-0116-2956-7cae-698f584ee296",
  "outputs": {},
  "resources": [
    {
      "mode": "managed",
      "type": "azurerm_resource_group",
      "name": "appgrp",
      "provider": "provider[\"registry.terraform.io/hashicorp/azurerm\"]",
      "instances": [
        {
          "schema_version": 0,
          "attributes": {
            "id": "/subscriptions/d8634ddc-d384-4cc3-b216-a71eef2cc982/resourceGroups/app-rg",
            "location": "eastus",
            "managed_by": "",
            "name": "app-rg",
            "tags": null,
            "timeouts": null
          },
          "sensitive_attributes": [],
          "private": "eyJlMmJmYjczMC1lY2FhLTExZTYtOGY4OC0zNDM2M2JjN2M0YzAiOnsiY3JlYXRlIjo1NDAwMDAwMDAwMDAwLCJkZWxldGUiOjU0MDAwMDAwMDAwMDAsInJlYWQiOjMwMDAwMDAwMDAwMCwidXBkYXRlIjo1NDAwMDAwMDAwMDAwfX0="
        }
      ]
    },
    {
      "mode": "managed",
      "type": "azurerm_virtual_network",
      "name": "appnetwork",
      "provider": "provider[\"registry.terraform.io/hashicorp/azurerm\"]",
      "instances": [
        {
          "schema_version": 0,
          "attributes": {
            "address_space": [
              "10.0.0.0/16"
            ],
            "bgp_community": "",
            "ddos_protection_plan": [],
            "dns_servers": [],
            "edge_zone": "",
            "encryption": [],
            "flow_timeout_in_minutes": 0,
            "guid": "64e4b9cd-9025-4865-8195-bbfe0fed024c",
            "id": "/subscriptions/d8634ddc-d384-4cc3-b216-a71eef2cc982/resourceGroups/app-rg/providers/Microsoft.Network/virtualNetworks/app-network",
            "location": "eastus",
            "name": "app-network",
            "resource_group_name": "app-rg",
            "subnet": [
              {
                "address_prefix": "10.0.0.0/24",
                "id": "/subscriptions/d8634ddc-d384-4cc3-b216-a71eef2cc982/resourceGroups/app-rg/providers/Microsoft.Network/virtualNetworks/app-network/subnets/subnet1",
                "name": "subnet1",
                "security_group": ""
              },
              {
                "address_prefix": "10.0.1.0/24",
                "id": "/subscriptions/d8634ddc-d384-4cc3-b216-a71eef2cc982/resourceGroups/app-rg/providers/Microsoft.Network/virtualNetworks/app-network/subnets/subnet2",
                "name": "subnet2",
                "security_group": ""
              }
            ],
            "tags": {
              "environment": "test"
            },
            "timeouts": null
          },
          "sensitive_attributes": [],
          "private": "eyJlMmJmYjczMC1lY2FhLTExZTYtOGY4OC0zNDM2M2JjN2M0YzAiOnsiY3JlYXRlIjoxODAwMDAwMDAwMDAwLCJkZWxldGUiOjE4MDAwMDAwMDAwMDAsInJlYWQiOjMwMDAwMDAwMDAwMCwidXBkYXRlIjoxODAwMDAwMDAwMDAwfX0="
        }
      ]
    }
  ],
  "check_results": null
}
